
Microsoft Visual Studio Solution File, Format Version 12.00
# Visual Studio Version 17
VisualStudioVersion = 17.9.34616.47
MinimumVisualStudioVersion = 10.0.40219.1
Project("{FAE04EC0-301F-11D3-BF4B-00C04F79EFBC}") = "NTTRUNG_Lazy_Languages", "Lazy_Languages\NTTRUNG_Lazy_Languages.csproj", "{1273413A-C238-4CD0-A9EC-AED7E16CDF0A}"
EndProject
Project("{FAE04EC0-301F-11D3-BF4B-00C04F79EFBC}") = "NTTRUNG_Lazy_Languages_Infastructurce", "NTTRUNG_Lazy_Languages_Infastructurce\NTTRUNG_Lazy_Languages_Infastructurce.csproj", "{59369B06-1707-49C3-8FD8-786716A5F016}"
EndProject
Project("{FAE04EC0-301F-11D3-BF4B-00C04F79EFBC}") = "NTTRUNG_Lazy_Languages_Domain", "NTTRUNG_Lazy_Languages_Domain\NTTRUNG_Lazy_Languages_Domain.csproj", "{2B02DA56-6041-4D5C-AA4A-898586FDA14D}"
EndProject
Project("{FAE04EC0-301F-11D3-BF4B-00C04F79EFBC}") = "NTTRUNG_Lazy_Languages_Application", "NTTRUNG_Lazy_Languages_Application\NTTRUNG_Lazy_Languages_Application.csproj", "{B97079B5-1620-4076-AA59-B8B3FDD9A58E}"
EndProject
Global
	GlobalSection(SolutionConfigurationPlatforms) = preSolution
		Debug|Any CPU = Debug|Any CPU
		Release|Any CPU = Release|Any CPU
	EndGlobalSection
	GlobalSection(ProjectConfigurationPlatforms) = postSolution
		{1273413A-C238-4CD0-A9EC-AED7E16CDF0A}.Debug|Any CPU.ActiveCfg = Debug|Any CPU
		{1273413A-C238-4CD0-A9EC-AED7E16CDF0A}.Debug|Any CPU.Build.0 = Debug|Any CPU
		{1273413A-C238-4CD0-A9EC-AED7E16CDF0A}.Release|Any CPU.ActiveCfg = Release|Any CPU
		{1273413A-C238-4CD0-A9EC-AED7E16CDF0A}.Release|Any CPU.Build.0 = Release|Any CPU
		{59369B06-1707-49C3-8FD8-786716A5F016}.Debug|Any CPU.ActiveCfg = Debug|Any CPU
		{59369B06-1707-49C3-8FD8-786716A5F016}.Debug|Any CPU.Build.0 = Debug|Any CPU
		{59369B06-1707-49C3-8FD8-786716A5F016}.Release|Any CPU.ActiveCfg = Release|Any CPU
		{59369B06-1707-49C3-8FD8-786716A5F016}.Release|Any CPU.Build.0 = Release|Any CPU
		{2B02DA56-6041-4D5C-AA4A-898586FDA14D}.Debug|Any CPU.ActiveCfg = Debug|Any CPU
		{2B02DA56-6041-4D5C-AA4A-898586FDA14D}.Debug|Any CPU.Build.0 = Debug|Any CPU
		{2B02DA56-6041-4D5C-AA4A-898586FDA14D}.Release|Any CPU.ActiveCfg = Release|Any CPU
		{2B02DA56-6041-4D5C-AA4A-898586FDA14D}.Release|Any CPU.Build.0 = Release|Any CPU
		{B97079B5-1620-4076-AA59-B8B3FDD9A58E}.Debug|Any CPU.ActiveCfg = Debug|Any CPU
		{B97079B5-1620-4076-AA59-B8B3FDD9A58E}.Debug|Any CPU.Build.0 = Debug|Any CPU
		{B97079B5-1620-4076-AA59-B8B3FDD9A58E}.Release|Any CPU.ActiveCfg = Release|Any CPU
		{B97079B5-1620-4076-AA59-B8B3FDD9A58E}.Release|Any CPU.Build.0 = Release|Any CPU
	EndGlobalSection
	GlobalSection(SolutionProperties) = preSolution
		HideSolutionNode = FALSE
	EndGlobalSection
	GlobalSection(ExtensibilityGlobals) = postSolution
		SolutionGuid = {B9E3CCB3-0FC3-420E-9E8E-C653DCC15EE6}
	EndGlobalSection
EndGlobal
